
Microsoft Visual Studio Solution File, Format Version 12.00
# Visual Studio Version 16
VisualStudioVersion = 16.0.31729.503
MinimumVisualStudioVersion = 10.0.40219.1
Project("{FAE04EC0-301F-11D3-BF4B-00C04F79EFBC}") = "Programming1_FinalProject", "Programming1_FinalProject\Programming1_FinalProject.csproj", "{8D624846-7E5E-4641-BF76-6E4721D69361}"
EndProject
Global
	GlobalSection(SolutionConfigurationPlatforms) = preSolution
		Debug|Any CPU = Debug|Any CPU
		Release|Any CPU = Release|Any CPU
	EndGlobalSection
	GlobalSection(ProjectConfigurationPlatforms) = postSolution
		{8D624846-7E5E-4641-BF76-6E4721D69361}.Debug|Any CPU.ActiveCfg = Debug|Any CPU
		{8D624846-7E5E-4641-BF76-6E4721D69361}.Debug|Any CPU.Build.0 = Debug|Any CPU
		{8D624846-7E5E-4641-BF76-6E4721D69361}.Release|Any CPU.ActiveCfg = Release|Any CPU
		{8D624846-7E5E-4641-BF76-6E4721D69361}.Release|Any CPU.Build.0 = Release|Any CPU
	EndGlobalSection
	GlobalSection(SolutionProperties) = preSolution
		HideSolutionNode = FALSE
	EndGlobalSection
	GlobalSection(ExtensibilityGlobals) = postSolution
		SolutionGuid = {F2F1D1FF-A5FC-45D8-B2E1-D2BE204B61CF}
	EndGlobalSection
EndGlobal
